
Microsoft Visual Studio Solution File, Format Version 12.00
# Visual Studio Version 17
VisualStudioVersion = 17.6.33829.357
MinimumVisualStudioVersion = 10.0.40219.1
Project("{FAE04EC0-301F-11D3-BF4B-00C04F79EFBC}") = "ADOCRUDApplication", "ADOCRUDApplication\ADOCRUDApplication.csproj", "{43DBA48D-5762-40E8-90AA-2371F543D98F}"
EndProject
Global
	GlobalSection(SolutionConfigurationPlatforms) = preSolution
		Debug|Any CPU = Debug|Any CPU
		Release|Any CPU = Release|Any CPU
	EndGlobalSection
	GlobalSection(ProjectConfigurationPlatforms) = postSolution
		{43DBA48D-5762-40E8-90AA-2371F543D98F}.Debug|Any CPU.ActiveCfg = Debug|Any CPU
		{43DBA48D-5762-40E8-90AA-2371F543D98F}.Debug|Any CPU.Build.0 = Debug|Any CPU
		{43DBA48D-5762-40E8-90AA-2371F543D98F}.Release|Any CPU.ActiveCfg = Release|Any CPU
		{43DBA48D-5762-40E8-90AA-2371F543D98F}.Release|Any CPU.Build.0 = Release|Any CPU
	EndGlobalSection
	GlobalSection(SolutionProperties) = preSolution
		HideSolutionNode = FALSE
	EndGlobalSection
	GlobalSection(ExtensibilityGlobals) = postSolution
		SolutionGuid = {52E3A1F7-8AE2-4729-BD5B-C4F20363EE7C}
	EndGlobalSection
EndGlobal
